<?xml version="1.0" encoding="utf-8"?>
<Project ToolsVersion="4.0" xmlns="http://schemas.microsoft.com/developer/msbuild/2003">
  <ItemGroup>
    <Filter Include="Debug">
      <UniqueIdentifier>{0C95060D-78A9-2EBE-412B-D21DADFE2AEF}</UniqueIdentifier>
    </Filter>
    <Filter Include="FileHandler">
      <UniqueIdentifier>{E33836F6-4FEE-AEEB-D8E2-A8C24497A5EF}</UniqueIdentifier>
    </Filter>
    <Filter Include="Managers">
      <UniqueIdentifier>{B34CFEBD-9F19-59C9-C832-4771B45E8E57}</UniqueIdentifier>
    </Filter>
    <Filter Include="Serializer">
      <UniqueIdentifier>{5F9D492C-4B55-8B79-B45C-64D5A033266A}</UniqueIdentifier>
    </Filter>
    <Filter Include="StateMachine">
      <UniqueIdentifier>{BB54AC3C-A7B7-3BE1-503D-74973C7F0764}</UniqueIdentifier>
    </Filter>
    <Filter Include="StateMachine\States">
      <UniqueIdentifier>{1EEE13DD-8A4F-F1EA-13BD-379D7F1D28AA}</UniqueIdentifier>
    </Filter>
    <Filter Include="Vendor">
      <UniqueIdentifier>{935FDCD7-7F01-07AE-68BC-1A0254FD8DFE}</UniqueIdentifier>
    </Filter>
  </ItemGroup>
  <ItemGroup>
    <ClInclude Include="src\Debug\Log.h">
      <Filter>Debug</Filter>
    </ClInclude>
    <ClInclude Include="src\FileHandler\FileHandler.h">
      <Filter>FileHandler</Filter>
    </ClInclude>
    <ClInclude Include="src\Managers\LanguageLibrary.h">
      <Filter>Managers</Filter>
    </ClInclude>
    <ClInclude Include="src\Managers\PreferencesManager.h">
      <Filter>Managers</Filter>
    </ClInclude>
    <ClInclude Include="src\Managers\PreferencesWrapper.h">
      <Filter>Managers</Filter>
    </ClInclude>
    <ClInclude Include="src\Serializer\ISerializer.h">
      <Filter>Serializer</Filter>
    </ClInclude>
    <ClInclude Include="src\Serializer\JsonSerializer.h">
      <Filter>Serializer</Filter>
    </ClInclude>
    <ClInclude Include="src\Serializer\XmlSerializer.h">
      <Filter>Serializer</Filter>
    </ClInclude>
    <ClInclude Include="src\StateMachine\State.h">
      <Filter>StateMachine</Filter>
    </ClInclude>
    <ClInclude Include="src\StateMachine\StateManager.h">
      <Filter>StateMachine</Filter>
    </ClInclude>
    <ClInclude Include="src\StateMachine\States\ChangePreferenceState.h">
      <Filter>StateMachine\States</Filter>
    </ClInclude>
    <ClInclude Include="src\StateMachine\States\OverviewState.h">
      <Filter>StateMachine\States</Filter>
    </ClInclude>
    <ClInclude Include="src\StateMachine\States\PreferencesState.h">
      <Filter>StateMachine\States</Filter>
    </ClInclude>
    <ClInclude Include="src\Vendor\tinyxml2.h">
      <Filter>Vendor</Filter>
    </ClInclude>
    <ClInclude Include="src\pch.h" />
  </ItemGroup>
  <ItemGroup>
    <ClCompile Include="src\Debug\Log.cpp">
      <Filter>Debug</Filter>
    </ClCompile>
    <ClCompile Include="src\FileHandler\FileHandler.cpp">
      <Filter>FileHandler</Filter>
    </ClCompile>
    <ClCompile Include="src\Main.cpp" />
    <ClCompile Include="src\Managers\LanguageLibrary.cpp">
      <Filter>Managers</Filter>
    </ClCompile>
    <ClCompile Include="src\Managers\PreferencesManager.cpp">
      <Filter>Managers</Filter>
    </ClCompile>
    <ClCompile Include="src\Serializer\JsonSerializer.cpp">
      <Filter>Serializer</Filter>
    </ClCompile>
    <ClCompile Include="src\Serializer\XmlSerializer.cpp">
      <Filter>Serializer</Filter>
    </ClCompile>
    <ClCompile Include="src\StateMachine\StateManager.cpp">
      <Filter>StateMachine</Filter>
    </ClCompile>
    <ClCompile Include="src\StateMachine\States\ChangePreferenceState.cpp">
      <Filter>StateMachine\States</Filter>
    </ClCompile>
    <ClCompile Include="src\StateMachine\States\OverviewState.cpp">
      <Filter>StateMachine\States</Filter>
    </ClCompile>
    <ClCompile Include="src\StateMachine\States\PreferencesState.cpp">
      <Filter>StateMachine\States</Filter>
    </ClCompile>
    <ClCompile Include="src\Vendor\tinyxml2.cpp">
      <Filter>Vendor</Filter>
    </ClCompile>
    <ClCompile Include="src\pch.cpp" />
  </ItemGroup>
</Project>